
Microsoft Visual Studio Solution File, Format Version 12.00
# Visual Studio Version 17
VisualStudioVersion = 17.2.32630.192
MinimumVisualStudioVersion = 10.0.40219.1
Project("{2150E333-8FDC-42A3-9474-1A3956D46DE8}") = "Algorithms", "Algorithms", "{E955CE69-6BCA-46DF-82BE-30EF53FDDB44}"
EndProject
Project("{2150E333-8FDC-42A3-9474-1A3956D46DE8}") = "Warmup", "Warmup", "{693A4D6C-B847-4EB4-8B34-0F82E4557C4F}"
EndProject
Project("{2150E333-8FDC-42A3-9474-1A3956D46DE8}") = "Easy", "Easy", "{19B0FC9C-1556-42AE-A583-7BB3287E27A4}"
EndProject
Project("{9A19103F-16F7-4668-BE54-9A1E7A4F7556}") = "SolveMeFirst", "Algorithms\Warmup\SolveMeFirst\SolveMeFirst.csproj", "{6178B929-D687-448D-947D-21A4A2222E6F}"
EndProject
Project("{2150E333-8FDC-42A3-9474-1A3956D46DE8}") = "Solution Items", "Solution Items", "{B2DFBC65-1569-4C22-B9FA-414A29D35CB9}"
	ProjectSection(SolutionItems) = preProject
		..\README.md = ..\README.md
	EndProjectSection
EndProject
Project("{9A19103F-16F7-4668-BE54-9A1E7A4F7556}") = "SimpleArraySum", "Algorithms\Warmup\SimpleArraySum\SimpleArraySum.csproj", "{33A81CB7-4638-4355-8D16-7CB116E14E21}"
EndProject
Project("{9A19103F-16F7-4668-BE54-9A1E7A4F7556}") = "AVeryBigSum", "Algorithms\Warmup\AVeryBigSum\AVeryBigSum.csproj", "{BF3BCDDF-821D-4485-BF33-0253180B19C1}"
EndProject
Project("{9A19103F-16F7-4668-BE54-9A1E7A4F7556}") = "MiniMaxSum", "Algorithms\Warmup\MiniMaxSum\MiniMaxSum.csproj", "{3431E253-39DE-402C-84E5-0D37AD9D994E}"
EndProject
Project("{9A19103F-16F7-4668-BE54-9A1E7A4F7556}") = "PlusMinus", "Algorithms\Warmup\PlusMinus\PlusMinus.csproj", "{829F498B-1A48-487E-B576-426190CE8343}"
EndProject
Project("{9A19103F-16F7-4668-BE54-9A1E7A4F7556}") = "BirthdayCakeCandles", "Algorithms\Warmup\BirthdayCakeCandles\BirthdayCakeCandles.csproj", "{3DC6219B-72BD-4EAA-AAE8-941114ACB614}"
EndProject
Project("{2150E333-8FDC-42A3-9474-1A3956D46DE8}") = "Strings", "Strings", "{7F29C4B3-998C-41DD-9BFD-171C221AF33B}"
EndProject
Project("{2150E333-8FDC-42A3-9474-1A3956D46DE8}") = "Easy", "Easy", "{8BAE55AA-F8ED-4A96-9660-5DE846174204}"
EndProject
Project("{9A19103F-16F7-4668-BE54-9A1E7A4F7556}") = "CamelCase", "Algorithms\Strings\CamelCase\CamelCase.csproj", "{25D534E3-246B-40B7-8223-C9FCFF973C90}"
EndProject
Project("{2150E333-8FDC-42A3-9474-1A3956D46DE8}") = "Implementation", "Implementation", "{FBDD39E2-F904-4E32-87AD-3C44C023E105}"
EndProject
Project("{2150E333-8FDC-42A3-9474-1A3956D46DE8}") = "Easy", "Easy", "{F3EA8D44-5A33-4AB5-95D3-3351373D109B}"
EndProject
Project("{9A19103F-16F7-4668-BE54-9A1E7A4F7556}") = "AppleAndOrange", "Algorithms\Implementation\AppleAndOrange\AppleAndOrange.csproj", "{978A7FD6-B98F-494B-AF2D-EE9548F9EB88}"
EndProject
Project("{9A19103F-16F7-4668-BE54-9A1E7A4F7556}") = "Staircase", "Algorithms\Warmup\Staircase\Staircase.csproj", "{17EA2BCD-042E-4F6E-96A0-49F620AD91F6}"
EndProject
Project("{9A19103F-16F7-4668-BE54-9A1E7A4F7556}") = "Pangrams", "Algorithms\Strings\Pangrams\Pangrams.csproj", "{32B629DE-BD9C-4BE3-979B-78F171DCE915}"
EndProject
Project("{FAE04EC0-301F-11D3-BF4B-00C04F79EFBC}") = "TimeConversion", "Algorithms\Warmup\TimeConversion\TimeConversion.csproj", "{166EFBD8-96CA-4DCF-9A80-56645211112D}"
EndProject
Global
	GlobalSection(SolutionConfigurationPlatforms) = preSolution
		Debug|Any CPU = Debug|Any CPU
		Release|Any CPU = Release|Any CPU
	EndGlobalSection
	GlobalSection(ProjectConfigurationPlatforms) = postSolution
		{6178B929-D687-448D-947D-21A4A2222E6F}.Debug|Any CPU.ActiveCfg = Debug|Any CPU
		{6178B929-D687-448D-947D-21A4A2222E6F}.Debug|Any CPU.Build.0 = Debug|Any CPU
		{6178B929-D687-448D-947D-21A4A2222E6F}.Release|Any CPU.ActiveCfg = Release|Any CPU
		{6178B929-D687-448D-947D-21A4A2222E6F}.Release|Any CPU.Build.0 = Release|Any CPU
		{33A81CB7-4638-4355-8D16-7CB116E14E21}.Debug|Any CPU.ActiveCfg = Debug|Any CPU
		{33A81CB7-4638-4355-8D16-7CB116E14E21}.Debug|Any CPU.Build.0 = Debug|Any CPU
		{33A81CB7-4638-4355-8D16-7CB116E14E21}.Release|Any CPU.ActiveCfg = Release|Any CPU
		{33A81CB7-4638-4355-8D16-7CB116E14E21}.Release|Any CPU.Build.0 = Release|Any CPU
		{BF3BCDDF-821D-4485-BF33-0253180B19C1}.Debug|Any CPU.ActiveCfg = Debug|Any CPU
		{BF3BCDDF-821D-4485-BF33-0253180B19C1}.Debug|Any CPU.Build.0 = Debug|Any CPU
		{BF3BCDDF-821D-4485-BF33-0253180B19C1}.Release|Any CPU.ActiveCfg = Release|Any CPU
		{BF3BCDDF-821D-4485-BF33-0253180B19C1}.Release|Any CPU.Build.0 = Release|Any CPU
		{3431E253-39DE-402C-84E5-0D37AD9D994E}.Debug|Any CPU.ActiveCfg = Debug|Any CPU
		{3431E253-39DE-402C-84E5-0D37AD9D994E}.Debug|Any CPU.Build.0 = Debug|Any CPU
		{3431E253-39DE-402C-84E5-0D37AD9D994E}.Release|Any CPU.ActiveCfg = Release|Any CPU
		{3431E253-39DE-402C-84E5-0D37AD9D994E}.Release|Any CPU.Build.0 = Release|Any CPU
		{829F498B-1A48-487E-B576-426190CE8343}.Debug|Any CPU.ActiveCfg = Debug|Any CPU
		{829F498B-1A48-487E-B576-426190CE8343}.Debug|Any CPU.Build.0 = Debug|Any CPU
		{829F498B-1A48-487E-B576-426190CE8343}.Release|Any CPU.ActiveCfg = Release|Any CPU
		{829F498B-1A48-487E-B576-426190CE8343}.Release|Any CPU.Build.0 = Release|Any CPU
		{3DC6219B-72BD-4EAA-AAE8-941114ACB614}.Debug|Any CPU.ActiveCfg = Debug|Any CPU
		{3DC6219B-72BD-4EAA-AAE8-941114ACB614}.Debug|Any CPU.Build.0 = Debug|Any CPU
		{3DC6219B-72BD-4EAA-AAE8-941114ACB614}.Release|Any CPU.ActiveCfg = Release|Any CPU
		{3DC6219B-72BD-4EAA-AAE8-941114ACB614}.Release|Any CPU.Build.0 = Release|Any CPU
		{25D534E3-246B-40B7-8223-C9FCFF973C90}.Debug|Any CPU.ActiveCfg = Debug|Any CPU
		{25D534E3-246B-40B7-8223-C9FCFF973C90}.Debug|Any CPU.Build.0 = Debug|Any CPU
		{25D534E3-246B-40B7-8223-C9FCFF973C90}.Release|Any CPU.ActiveCfg = Release|Any CPU
		{25D534E3-246B-40B7-8223-C9FCFF973C90}.Release|Any CPU.Build.0 = Release|Any CPU
		{978A7FD6-B98F-494B-AF2D-EE9548F9EB88}.Debug|Any CPU.ActiveCfg = Debug|Any CPU
		{978A7FD6-B98F-494B-AF2D-EE9548F9EB88}.Debug|Any CPU.Build.0 = Debug|Any CPU
		{978A7FD6-B98F-494B-AF2D-EE9548F9EB88}.Release|Any CPU.ActiveCfg = Release|Any CPU
		{978A7FD6-B98F-494B-AF2D-EE9548F9EB88}.Release|Any CPU.Build.0 = Release|Any CPU
		{17EA2BCD-042E-4F6E-96A0-49F620AD91F6}.Debug|Any CPU.ActiveCfg = Debug|Any CPU
		{17EA2BCD-042E-4F6E-96A0-49F620AD91F6}.Debug|Any CPU.Build.0 = Debug|Any CPU
		{17EA2BCD-042E-4F6E-96A0-49F620AD91F6}.Release|Any CPU.ActiveCfg = Release|Any CPU
		{17EA2BCD-042E-4F6E-96A0-49F620AD91F6}.Release|Any CPU.Build.0 = Release|Any CPU
		{32B629DE-BD9C-4BE3-979B-78F171DCE915}.Debug|Any CPU.ActiveCfg = Debug|Any CPU
		{32B629DE-BD9C-4BE3-979B-78F171DCE915}.Debug|Any CPU.Build.0 = Debug|Any CPU
		{32B629DE-BD9C-4BE3-979B-78F171DCE915}.Release|Any CPU.ActiveCfg = Release|Any CPU
		{32B629DE-BD9C-4BE3-979B-78F171DCE915}.Release|Any CPU.Build.0 = Release|Any CPU
		{166EFBD8-96CA-4DCF-9A80-56645211112D}.Debug|Any CPU.ActiveCfg = Debug|Any CPU
		{166EFBD8-96CA-4DCF-9A80-56645211112D}.Debug|Any CPU.Build.0 = Debug|Any CPU
		{166EFBD8-96CA-4DCF-9A80-56645211112D}.Release|Any CPU.ActiveCfg = Release|Any CPU
		{166EFBD8-96CA-4DCF-9A80-56645211112D}.Release|Any CPU.Build.0 = Release|Any CPU
	EndGlobalSection
	GlobalSection(SolutionProperties) = preSolution
		HideSolutionNode = FALSE
	EndGlobalSection
	GlobalSection(NestedProjects) = preSolution
		{693A4D6C-B847-4EB4-8B34-0F82E4557C4F} = {E955CE69-6BCA-46DF-82BE-30EF53FDDB44}
		{19B0FC9C-1556-42AE-A583-7BB3287E27A4} = {693A4D6C-B847-4EB4-8B34-0F82E4557C4F}
		{6178B929-D687-448D-947D-21A4A2222E6F} = {19B0FC9C-1556-42AE-A583-7BB3287E27A4}
		{33A81CB7-4638-4355-8D16-7CB116E14E21} = {19B0FC9C-1556-42AE-A583-7BB3287E27A4}
		{BF3BCDDF-821D-4485-BF33-0253180B19C1} = {19B0FC9C-1556-42AE-A583-7BB3287E27A4}
		{3431E253-39DE-402C-84E5-0D37AD9D994E} = {19B0FC9C-1556-42AE-A583-7BB3287E27A4}
		{829F498B-1A48-487E-B576-426190CE8343} = {19B0FC9C-1556-42AE-A583-7BB3287E27A4}
		{3DC6219B-72BD-4EAA-AAE8-941114ACB614} = {19B0FC9C-1556-42AE-A583-7BB3287E27A4}
		{7F29C4B3-998C-41DD-9BFD-171C221AF33B} = {E955CE69-6BCA-46DF-82BE-30EF53FDDB44}
		{8BAE55AA-F8ED-4A96-9660-5DE846174204} = {7F29C4B3-998C-41DD-9BFD-171C221AF33B}
		{25D534E3-246B-40B7-8223-C9FCFF973C90} = {8BAE55AA-F8ED-4A96-9660-5DE846174204}
		{FBDD39E2-F904-4E32-87AD-3C44C023E105} = {E955CE69-6BCA-46DF-82BE-30EF53FDDB44}
		{F3EA8D44-5A33-4AB5-95D3-3351373D109B} = {FBDD39E2-F904-4E32-87AD-3C44C023E105}
		{978A7FD6-B98F-494B-AF2D-EE9548F9EB88} = {F3EA8D44-5A33-4AB5-95D3-3351373D109B}
		{17EA2BCD-042E-4F6E-96A0-49F620AD91F6} = {19B0FC9C-1556-42AE-A583-7BB3287E27A4}
		{32B629DE-BD9C-4BE3-979B-78F171DCE915} = {8BAE55AA-F8ED-4A96-9660-5DE846174204}
		{166EFBD8-96CA-4DCF-9A80-56645211112D} = {19B0FC9C-1556-42AE-A583-7BB3287E27A4}
	EndGlobalSection
	GlobalSection(ExtensibilityGlobals) = postSolution
		SolutionGuid = {470F06D4-3140-4BEC-96F2-CCA88841A3F5}
	EndGlobalSection
EndGlobal
